Microsoft Visual Studio Solution File, Format Version 11.00
# Visual Studio 2008

Project("{81852F29-6710-30FF-DAAD-D6F2E981C928}") = "Afterwar", "Assembly-CSharp.csproj", "{B6B5EFDF-E396-80B1-A0B7-675814116876}"
EndProject
Project("{81852F29-6710-30FF-DAAD-D6F2E981C928}") = "Afterwar", "Assembly-CSharp-Editor.csproj", "{4291F04F-44E3-F583-9B6C-C24EB071F61C}"
EndProject
Global
	GlobalSection(SolutionConfigurationPlatforms) = preSolution
		Debug|Any CPU = Debug|Any CPU
		Release|Any CPU = Release|Any CPU
	EndGlobalSection
	GlobalSection(ProjectConfigurationPlatforms) = postSolution
		{B6B5EFDF-E396-80B1-A0B7-675814116876}.Debug|Any CPU.ActiveCfg = Debug|Any CPU
		{B6B5EFDF-E396-80B1-A0B7-675814116876}.Debug|Any CPU.Build.0 = Debug|Any CPU
		{B6B5EFDF-E396-80B1-A0B7-675814116876}.Release|Any CPU.ActiveCfg = Release|Any CPU
		{B6B5EFDF-E396-80B1-A0B7-675814116876}.Release|Any CPU.Build.0 = Release|Any CPU
		{4291F04F-44E3-F583-9B6C-C24EB071F61C}.Debug|Any CPU.ActiveCfg = Debug|Any CPU
		{4291F04F-44E3-F583-9B6C-C24EB071F61C}.Debug|Any CPU.Build.0 = Debug|Any CPU
		{4291F04F-44E3-F583-9B6C-C24EB071F61C}.Release|Any CPU.ActiveCfg = Release|Any CPU
		{4291F04F-44E3-F583-9B6C-C24EB071F61C}.Release|Any CPU.Build.0 = Release|Any CPU
	EndGlobalSection
	GlobalSection(SolutionProperties) = preSolution
		HideSolutionNode = FALSE
	EndGlobalSection
	GlobalSection(MonoDevelopProperties) = preSolution
		StartupItem = Assembly-CSharp.csproj
	EndGlobalSection
EndGlobal
